
Microsoft Visual Studio Solution File, Format Version 12.00
# Visual Studio Version 16
VisualStudioVersion = 16.0.31005.135
MinimumVisualStudioVersion = 10.0.40219.1
Project("{9A19103F-16F7-4668-BE54-9A1E7A4F7556}") = "EmailTemplateLibrary", "src\EmailTemplateLibrary\EmailTemplateLibrary.csproj", "{10F0E631-5EA7-4F64-A481-BC007A5BFAFE}"
EndProject
Project("{2150E333-8FDC-42A3-9474-1A3956D46DE8}") = "Solution Items", "Solution Items", "{56F8C15A-72FA-4E24-9802-74C6F3ADC455}"
	ProjectSection(SolutionItems) = preProject
		README.md = README.md
	EndProjectSection
EndProject
Project("{2150E333-8FDC-42A3-9474-1A3956D46DE8}") = "Tests", "Tests", "{C021C112-2FC7-494D-BF57-CE763AF7F857}"
EndProject
Project("{2150E333-8FDC-42A3-9474-1A3956D46DE8}") = "Samples", "Samples", "{82546879-2B5A-4699-B145-DDDFE1627237}"
EndProject
Project("{FAE04EC0-301F-11D3-BF4B-00C04F79EFBC}") = "AspNetCoreWebApplicationExample", "samples\AspNetCoreWebApplicationExample\AspNetCoreWebApplicationExample.csproj", "{79D0F983-6F4F-43E2-81A2-4C21FD094C92}"
EndProject
Project("{FAE04EC0-301F-11D3-BF4B-00C04F79EFBC}") = "EmailTemplateLibrary.AspNetCore", "EmailTemplateLibrary.AspNetCore\EmailTemplateLibrary.AspNetCore.csproj", "{1AF445A6-AEE6-420A-BE21-2DB9386731A8}"
EndProject
Project("{FAE04EC0-301F-11D3-BF4B-00C04F79EFBC}") = "DotNetCoreConsoleApp", "samples\DotNetCoreConsoleApp\DotNetCoreConsoleApp.csproj", "{EF94A41F-BCE5-40E7-B920-B05D7A0E16DF}"
EndProject
Global
	GlobalSection(SolutionConfigurationPlatforms) = preSolution
		Debug|Any CPU = Debug|Any CPU
		Release|Any CPU = Release|Any CPU
	EndGlobalSection
	GlobalSection(ProjectConfigurationPlatforms) = postSolution
		{10F0E631-5EA7-4F64-A481-BC007A5BFAFE}.Debug|Any CPU.ActiveCfg = Debug|Any CPU
		{10F0E631-5EA7-4F64-A481-BC007A5BFAFE}.Debug|Any CPU.Build.0 = Debug|Any CPU
		{10F0E631-5EA7-4F64-A481-BC007A5BFAFE}.Release|Any CPU.ActiveCfg = Release|Any CPU
		{10F0E631-5EA7-4F64-A481-BC007A5BFAFE}.Release|Any CPU.Build.0 = Release|Any CPU
		{79D0F983-6F4F-43E2-81A2-4C21FD094C92}.Debug|Any CPU.ActiveCfg = Debug|Any CPU
		{79D0F983-6F4F-43E2-81A2-4C21FD094C92}.Debug|Any CPU.Build.0 = Debug|Any CPU
		{79D0F983-6F4F-43E2-81A2-4C21FD094C92}.Release|Any CPU.ActiveCfg = Release|Any CPU
		{79D0F983-6F4F-43E2-81A2-4C21FD094C92}.Release|Any CPU.Build.0 = Release|Any CPU
		{1AF445A6-AEE6-420A-BE21-2DB9386731A8}.Debug|Any CPU.ActiveCfg = Debug|Any CPU
		{1AF445A6-AEE6-420A-BE21-2DB9386731A8}.Debug|Any CPU.Build.0 = Debug|Any CPU
		{1AF445A6-AEE6-420A-BE21-2DB9386731A8}.Release|Any CPU.ActiveCfg = Release|Any CPU
		{1AF445A6-AEE6-420A-BE21-2DB9386731A8}.Release|Any CPU.Build.0 = Release|Any CPU
		{EF94A41F-BCE5-40E7-B920-B05D7A0E16DF}.Debug|Any CPU.ActiveCfg = Debug|Any CPU
		{EF94A41F-BCE5-40E7-B920-B05D7A0E16DF}.Debug|Any CPU.Build.0 = Debug|Any CPU
		{EF94A41F-BCE5-40E7-B920-B05D7A0E16DF}.Release|Any CPU.ActiveCfg = Release|Any CPU
		{EF94A41F-BCE5-40E7-B920-B05D7A0E16DF}.Release|Any CPU.Build.0 = Release|Any CPU
	EndGlobalSection
	GlobalSection(SolutionProperties) = preSolution
		HideSolutionNode = FALSE
	EndGlobalSection
	GlobalSection(NestedProjects) = preSolution
		{79D0F983-6F4F-43E2-81A2-4C21FD094C92} = {82546879-2B5A-4699-B145-DDDFE1627237}
		{EF94A41F-BCE5-40E7-B920-B05D7A0E16DF} = {82546879-2B5A-4699-B145-DDDFE1627237}
	EndGlobalSection
	GlobalSection(ExtensibilityGlobals) = postSolution
		SolutionGuid = {316F0EA4-F0A6-4279-A0C0-727900264B6F}
	EndGlobalSection
EndGlobal
